// !$*UTF8*$!
{
	archiveVersion = 1;
	classes = {
	};
	objectVersion = 56;
	objects = {

/* Begin PBXBuildFile section */
		2C0F737C29183184003E0195 /* Manager.swift in Sources */ = {isa = PBXBuildFile; fileRef = 2C0F737B29183183003E0195 /* Manager.swift */; };
		2C0F737E29183188003E0195 /* Programmer.swift in Sources */ = {isa = PBXBuildFile; fileRef = 2C0F737D29183188003E0195 /* Programmer.swift */; };
		2C0F73802918318D003E0195 /* Tester.swift in Sources */ = {isa = PBXBuildFile; fileRef = 2C0F737F2918318D003E0195 /* Tester.swift */; };
		2C0F7384291831AD003E0195 /* Employee.swift in Sources */ = {isa = PBXBuildFile; fileRef = 2C0F7383291831AD003E0195 /* Employee.swift */; };
		2C0F738E2918330F003E0195 /* Vehicle.swift in Sources */ = {isa = PBXBuildFile; fileRef = 2C0F7386291831BC003E0195 /* Vehicle.swift */; };
		2C0F738F2918331D003E0195 /* Contract.swift in Sources */ = {isa = PBXBuildFile; fileRef = 2C0F738C291831C0003E0195 /* Contract.swift */; };
		2C0F739029183374003E0195 /* Car.swift in Sources */ = {isa = PBXBuildFile; fileRef = 2C0F7387291831BC003E0195 /* Car.swift */; };
		2C0F739129183374003E0195 /* Motorcycle.swift in Sources */ = {isa = PBXBuildFile; fileRef = 2C0F7388291831BC003E0195 /* Motorcycle.swift */; };
		2C0F739229183374003E0195 /* Temporary.swift in Sources */ = {isa = PBXBuildFile; fileRef = 2C0F738B291831C0003E0195 /* Temporary.swift */; };
		2C0F739329183374003E0195 /* Permanent.swift in Sources */ = {isa = PBXBuildFile; fileRef = 2C0F738A291831C0003E0195 /* Permanent.swift */; };
		990E10AD290C822000B9238F /* EmployeeDetails.storyboard in Resources */ = {isa = PBXBuildFile; fileRef = 990E10AC290C822000B9238F /* EmployeeDetails.storyboard */; };
		990E10AF290C823B00B9238F /* RegisterForm.storyboard in Resources */ = {isa = PBXBuildFile; fileRef = 990E10AE290C823B00B9238F /* RegisterForm.storyboard */; };
		990E10B1290C829400B9238F /* EmployeeDetailsViewController.swift in Sources */ = {isa = PBXBuildFile; fileRef = 990E10B0290C829400B9238F /* EmployeeDetailsViewController.swift */; };
		990E10B3290C82A700B9238F /* RegisterFormViewController.swift in Sources */ = {isa = PBXBuildFile; fileRef = 990E10B2290C82A700B9238F /* RegisterFormViewController.swift */; };
		999DB8032908869400D4AD0A /* AppDelegate.swift in Sources */ = {isa = PBXBuildFile; fileRef = 999DB8022908869400D4AD0A /* AppDelegate.swift */; };
		999DB8052908869400D4AD0A /* SceneDelegate.swift in Sources */ = {isa = PBXBuildFile; fileRef = 999DB8042908869400D4AD0A /* SceneDelegate.swift */; };
		999DB8072908869400D4AD0A /* EmployeeListViewController.swift in Sources */ = {isa = PBXBuildFile; fileRef = 999DB8062908869400D4AD0A /* EmployeeListViewController.swift */; };
		999DB80A2908869400D4AD0A /* EmployeeList.storyboard in Resources */ = {isa = PBXBuildFile; fileRef = 999DB8082908869400D4AD0A /* EmployeeList.storyboard */; };
		999DB80C2908869600D4AD0A /* Assets.xcassets in Resources */ = {isa = PBXBuildFile; fileRef = 999DB80B2908869600D4AD0A /* Assets.xcassets */; };
		999DB80F2908869600D4AD0A /* LaunchScreen.storyboard in Resources */ = {isa = PBXBuildFile; fileRef = 999DB80D2908869600D4AD0A /* LaunchScreen.storyboard */; };
		999DB81A2908869600D4AD0A /* MAD_3115_TeamSundryTests.swift in Sources */ = {isa = PBXBuildFile; fileRef = 999DB8192908869600D4AD0A /* MAD_3115_TeamSundryTests.swift */; };
		999DB8242908869600D4AD0A /* MAD_3115_TeamSundryUITests.swift in Sources */ = {isa = PBXBuildFile; fileRef = 999DB8232908869600D4AD0A /* MAD_3115_TeamSundryUITests.swift */; };
		999DB8262908869600D4AD0A /* MAD_3115_TeamSundryUITestsLaunchTests.swift in Sources */ = {isa = PBXBuildFile; fileRef = 999DB8252908869600D4AD0A /* MAD_3115_TeamSundryUITestsLaunchTests.swift */; };
		999DB8372908879A00D4AD0A /* Images.xcassets in Resources */ = {isa = PBXBuildFile; fileRef = 999DB8362908879A00D4AD0A /* Images.xcassets */; };
		999DB83C2908884800D4AD0A /* Test Files in Resources */ = {isa = PBXBuildFile; fileRef = 999DB83A2908884800D4AD0A /* Test Files */; };
		BD30CAA8291580FE002E576A /* EmployeeListTableViewCell.swift in Sources */ = {isa = PBXBuildFile; fileRef = BD30CAA7291580FE002E576A /* EmployeeListTableViewCell.swift */; };
		BD7F7AD52917FDFD00F58ECE /* EmplyeeStruct.swift in Sources */ = {isa = PBXBuildFile; fileRef = BD7F7AD42917FDFD00F58ECE /* EmplyeeStruct.swift */; };
/* End PBXBuildFile section */

/* Begin PBXContainerItemProxy section */
		999DB8162908869600D4AD0A /* PBXContainerItemProxy */ = {
			isa = PBXContainerItemProxy;
			containerPortal = 999DB7F72908869400D4AD0A /* Project object */;
			proxyType = 1;
			remoteGlobalIDString = 999DB7FE2908869400D4AD0A;
			remoteInfo = MAD_3115_TeamSundry;
		};
		999DB8202908869600D4AD0A /* PBXContainerItemProxy */ = {
			isa = PBXContainerItemProxy;
			containerPortal = 999DB7F72908869400D4AD0A /* Project object */;
			proxyType = 1;
			remoteGlobalIDString = 999DB7FE2908869400D4AD0A;
			remoteInfo = MAD_3115_TeamSundry;
		};
/* End PBXContainerItemProxy section */

/* Begin PBXFileReference section */
		2C0F737B29183183003E0195 /* Manager.swift */ = {isa = PBXFileReference; lastKnownFileType = sourcecode.swift; path = Manager.swift; sourceTree = "<group>"; };
		2C0F737D29183188003E0195 /* Programmer.swift */ = {isa = PBXFileReference; lastKnownFileType = sourcecode.swift; path = Programmer.swift; sourceTree = "<group>"; };
		2C0F737F2918318D003E0195 /* Tester.swift */ = {isa = PBXFileReference; lastKnownFileType = sourcecode.swift; path = Tester.swift; sourceTree = "<group>"; };
		2C0F7383291831AD003E0195 /* Employee.swift */ = {isa = PBXFileReference; lastKnownFileType = sourcecode.swift; path = Employee.swift; sourceTree = "<group>"; };
		2C0F7386291831BC003E0195 /* Vehicle.swift */ = {isa = PBXFileReference; lastKnownFileType = sourcecode.swift; path = Vehicle.swift; sourceTree = "<group>"; };
		2C0F7387291831BC003E0195 /* Car.swift */ = {isa = PBXFileReference; lastKnownFileType = sourcecode.swift; path = Car.swift; sourceTree = "<group>"; };
		2C0F7388291831BC003E0195 /* Motorcycle.swift */ = {isa = PBXFileReference; lastKnownFileType = sourcecode.swift; path = Motorcycle.swift; sourceTree = "<group>"; };
		2C0F738A291831C0003E0195 /* Permanent.swift */ = {isa = PBXFileReference; lastKnownFileType = sourcecode.swift; path = Permanent.swift; sourceTree = "<group>"; };
		2C0F738B291831C0003E0195 /* Temporary.swift */ = {isa = PBXFileReference; lastKnownFileType = sourcecode.swift; path = Temporary.swift; sourceTree = "<group>"; };
		2C0F738C291831C0003E0195 /* Contract.swift */ = {isa = PBXFileReference; lastKnownFileType = sourcecode.swift; path = Contract.swift; sourceTree = "<group>"; };
		990E10AC290C822000B9238F /* EmployeeDetails.storyboard */ = {isa = PBXFileReference; lastKnownFileType = file.storyboard; path = EmployeeDetails.storyboard; sourceTree = "<group>"; };
		990E10AE290C823B00B9238F /* RegisterForm.storyboard */ = {isa = PBXFileReference; lastKnownFileType = file.storyboard; path = RegisterForm.storyboard; sourceTree = "<group>"; };
		990E10B0290C829400B9238F /* EmployeeDetailsViewController.swift */ = {isa = PBXFileReference; lastKnownFileType = sourcecode.swift; path = EmployeeDetailsViewController.swift; sourceTree = "<group>"; };
		990E10B2290C82A700B9238F /* RegisterFormViewController.swift */ = {isa = PBXFileReference; lastKnownFileType = sourcecode.swift; path = RegisterFormViewController.swift; sourceTree = "<group>"; };
		999DB7FF2908869400D4AD0A /* MAD_3115_TeamSundry.app */ = {isa = PBXFileReference; explicitFileType = wrapper.application; includeInIndex = 0; path = MAD_3115_TeamSundry.app; sourceTree = BUILT_PRODUCTS_DIR; };
		999DB8022908869400D4AD0A /* AppDelegate.swift */ = {isa = PBXFileReference; lastKnownFileType = sourcecode.swift; path = AppDelegate.swift; sourceTree = "<group>"; };
		999DB8042908869400D4AD0A /* SceneDelegate.swift */ = {isa = PBXFileReference; lastKnownFileType = sourcecode.swift; path = SceneDelegate.swift; sourceTree = "<group>"; };
		999DB8062908869400D4AD0A /* EmployeeListViewController.swift */ = {isa = PBXFileReference; lastKnownFileType = sourcecode.swift; path = EmployeeListViewController.swift; sourceTree = "<group>"; };
		999DB8092908869400D4AD0A /* Base */ = {isa = PBXFileReference; lastKnownFileType = file.storyboard; name = Base; path = Base.lproj/EmployeeList.storyboard; sourceTree = "<group>"; };
		999DB80B2908869600D4AD0A /* Assets.xcassets */ = {isa = PBXFileReference; lastKnownFileType = folder.assetcatalog; path = Assets.xcassets; sourceTree = "<group>"; };
		999DB80E2908869600D4AD0A /* Base */ = {isa = PBXFileReference; lastKnownFileType = file.storyboard; name = Base; path = Base.lproj/LaunchScreen.storyboard; sourceTree = "<group>"; };
		999DB8102908869600D4AD0A /* Info.plist */ = {isa = PBXFileReference; lastKnownFileType = text.plist.xml; path = Info.plist; sourceTree = "<group>"; };
		999DB8152908869600D4AD0A /* MAD_3115_TeamSundryTests.xctest */ = {isa = PBXFileReference; explicitFileType = wrapper.cfbundle; includeInIndex = 0; path = MAD_3115_TeamSundryTests.xctest; sourceTree = BUILT_PRODUCTS_DIR; };
		999DB8192908869600D4AD0A /* MAD_3115_TeamSundryTests.swift */ = {isa = PBXFileReference; lastKnownFileType = sourcecode.swift; path = MAD_3115_TeamSundryTests.swift; sourceTree = "<group>"; };
		999DB81F2908869600D4AD0A /* MAD_3115_TeamSundryUITests.xctest */ = {isa = PBXFileReference; explicitFileType = wrapper.cfbundle; includeInIndex = 0; path = MAD_3115_TeamSundryUITests.xctest; sourceTree = BUILT_PRODUCTS_DIR; };
		999DB8232908869600D4AD0A /* MAD_3115_TeamSundryUITests.swift */ = {isa = PBXFileReference; lastKnownFileType = sourcecode.swift; path = MAD_3115_TeamSundryUITests.swift; sourceTree = "<group>"; };
		999DB8252908869600D4AD0A /* MAD_3115_TeamSundryUITestsLaunchTests.swift */ = {isa = PBXFileReference; lastKnownFileType = sourcecode.swift; path = MAD_3115_TeamSundryUITestsLaunchTests.swift; sourceTree = "<group>"; };
		999DB8362908879A00D4AD0A /* Images.xcassets */ = {isa = PBXFileReference; lastKnownFileType = folder.assetcatalog; path = Images.xcassets; sourceTree = "<group>"; };
		999DB83A2908884800D4AD0A /* Test Files */ = {isa = PBXFileReference; lastKnownFileType = folder; path = "Test Files"; sourceTree = "<group>"; };
		BD30CAA7291580FE002E576A /* EmployeeListTableViewCell.swift */ = {isa = PBXFileReference; lastKnownFileType = sourcecode.swift; path = EmployeeListTableViewCell.swift; sourceTree = "<group>"; };
		BD7F7AD42917FDFD00F58ECE /* EmplyeeStruct.swift */ = {isa = PBXFileReference; lastKnownFileType = sourcecode.swift; path = EmplyeeStruct.swift; sourceTree = "<group>"; };
/* End PBXFileReference section */

/* Begin PBXFrameworksBuildPhase section */
		999DB7FC2908869400D4AD0A /* Frameworks */ = {
			isa = PBXFrameworksBuildPhase;
			buildActionMask = 2147483647;
			files = (
			);
			runOnlyForDeploymentPostprocessing = 0;
		};
		999DB8122908869600D4AD0A /* Frameworks */ = {
			isa = PBXFrameworksBuildPhase;
			buildActionMask = 2147483647;
			files = (
			);
			runOnlyForDeploymentPostprocessing = 0;
		};
		999DB81C2908869600D4AD0A /* Frameworks */ = {
			isa = PBXFrameworksBuildPhase;
			buildActionMask = 2147483647;
			files = (
			);
			runOnlyForDeploymentPostprocessing = 0;
		};
/* End PBXFrameworksBuildPhase section */

/* Begin PBXGroup section */
		2C0F737829183086003E0195 /* Structures */ = {
			isa = PBXGroup;
			children = (
				2C0F737F2918318D003E0195 /* Tester.swift */,
				2C0F737D29183188003E0195 /* Programmer.swift */,
				2C0F7383291831AD003E0195 /* Employee.swift */,
				2C0F737B29183183003E0195 /* Manager.swift */,
				2C0F738C291831C0003E0195 /* Contract.swift */,
				2C0F7386291831BC003E0195 /* Vehicle.swift */,
				2C0F738A291831C0003E0195 /* Permanent.swift */,
				2C0F738B291831C0003E0195 /* Temporary.swift */,
				2C0F7387291831BC003E0195 /* Car.swift */,
				2C0F7388291831BC003E0195 /* Motorcycle.swift */,
			);
			path = Structures;
			sourceTree = "<group>";
		};
		990E10B4290C82FE00B9238F /* Employee List */ = {
			isa = PBXGroup;
			children = (
				999DB8062908869400D4AD0A /* EmployeeListViewController.swift */,
				999DB8082908869400D4AD0A /* EmployeeList.storyboard */,
				BD30CAA7291580FE002E576A /* EmployeeListTableViewCell.swift */,
				BD7F7AD42917FDFD00F58ECE /* EmplyeeStruct.swift */,
			);
			path = "Employee List";
			sourceTree = "<group>";
		};
		990E10B5290C830E00B9238F /* Employee Details */ = {
			isa = PBXGroup;
			children = (
				990E10B0290C829400B9238F /* EmployeeDetailsViewController.swift */,
				990E10AC290C822000B9238F /* EmployeeDetails.storyboard */,
			);
			path = "Employee Details";
			sourceTree = "<group>";
		};
		990E10B6290C832200B9238F /* Register Form */ = {
			isa = PBXGroup;
			children = (
				990E10B2290C82A700B9238F /* RegisterFormViewController.swift */,
				990E10AE290C823B00B9238F /* RegisterForm.storyboard */,
			);
			path = "Register Form";
			sourceTree = "<group>";
		};
		999DB7F62908869400D4AD0A = {
			isa = PBXGroup;
			children = (
				999DB8012908869400D4AD0A /* MAD_3115_TeamSundry */,
				999DB8182908869600D4AD0A /* MAD_3115_TeamSundryTests */,
				999DB8222908869600D4AD0A /* MAD_3115_TeamSundryUITests */,
				999DB8002908869400D4AD0A /* Products */,
			);
			sourceTree = "<group>";
		};
		999DB8002908869400D4AD0A /* Products */ = {
			isa = PBXGroup;
			children = (
				999DB7FF2908869400D4AD0A /* MAD_3115_TeamSundry.app */,
				999DB8152908869600D4AD0A /* MAD_3115_TeamSundryTests.xctest */,
				999DB81F2908869600D4AD0A /* MAD_3115_TeamSundryUITests.xctest */,
			);
			name = Products;
			sourceTree = "<group>";
		};
		999DB8012908869400D4AD0A /* MAD_3115_TeamSundry */ = {
			isa = PBXGroup;
			children = (
				2C0F737829183086003E0195 /* Structures */,
				999DB8382908882200D4AD0A /* Files from MAD 3004 */,
				999DB8352908876900D4AD0A /* Images & Assets */,
				999DB834290886DD00D4AD0A /* Pages */,
				999DB832290886B600D4AD0A /* Storyboards */,
				999DB8022908869400D4AD0A /* AppDelegate.swift */,
				999DB8042908869400D4AD0A /* SceneDelegate.swift */,
				999DB8102908869600D4AD0A /* Info.plist */,
			);
			path = MAD_3115_TeamSundry;
			sourceTree = "<group>";
		};
		999DB8182908869600D4AD0A /* MAD_3115_TeamSundryTests */ = {
			isa = PBXGroup;
			children = (
				999DB8192908869600D4AD0A /* MAD_3115_TeamSundryTests.swift */,
			);
			path = MAD_3115_TeamSundryTests;
			sourceTree = "<group>";
		};
		999DB8222908869600D4AD0A /* MAD_3115_TeamSundryUITests */ = {
			isa = PBXGroup;
			children = (
				999DB8232908869600D4AD0A /* MAD_3115_TeamSundryUITests.swift */,
				999DB8252908869600D4AD0A /* MAD_3115_TeamSundryUITestsLaunchTests.swift */,
			);
			path = MAD_3115_TeamSundryUITests;
			sourceTree = "<group>";
		};
		999DB832290886B600D4AD0A /* Storyboards */ = {
			isa = PBXGroup;
			children = (
				999DB80D2908869600D4AD0A /* LaunchScreen.storyboard */,
			);
			path = Storyboards;
			sourceTree = "<group>";
		};
		999DB834290886DD00D4AD0A /* Pages */ = {
			isa = PBXGroup;
			children = (
				990E10B6290C832200B9238F /* Register Form */,
				990E10B5290C830E00B9238F /* Employee Details */,
				990E10B4290C82FE00B9238F /* Employee List */,
			);
			path = Pages;
			sourceTree = "<group>";
		};
		999DB8352908876900D4AD0A /* Images & Assets */ = {
			isa = PBXGroup;
			children = (
				999DB80B2908869600D4AD0A /* Assets.xcassets */,
				999DB8362908879A00D4AD0A /* Images.xcassets */,
			);
			path = "Images & Assets";
			sourceTree = "<group>";
		};
		999DB8382908882200D4AD0A /* Files from MAD 3004 */ = {
			isa = PBXGroup;
			children = (
				999DB83A2908884800D4AD0A /* Test Files */,
			);
			path = "Files from MAD 3004";
			sourceTree = "<group>";
		};
/* End PBXGroup section */

/* Begin PBXNativeTarget section */
		999DB7FE2908869400D4AD0A /* MAD_3115_TeamSundry */ = {
			isa = PBXNativeTarget;
			buildConfigurationList = 999DB8292908869600D4AD0A /* Build configuration list for PBXNativeTarget "MAD_3115_TeamSundry" */;
			buildPhases = (
				999DB7FB2908869400D4AD0A /* Sources */,
				999DB7FC2908869400D4AD0A /* Frameworks */,
				999DB7FD2908869400D4AD0A /* Resources */,
			);
			buildRules = (
			);
			dependencies = (
			);
			name = MAD_3115_TeamSundry;
			productName = MAD_3115_TeamSundry;
			productReference = 999DB7FF2908869400D4AD0A /* MAD_3115_TeamSundry.app */;
			productType = "com.apple.product-type.application";
		};
		999DB8142908869600D4AD0A /* MAD_3115_TeamSundryTests */ = {
			isa = PBXNativeTarget;
			buildConfigurationList = 999DB82C2908869600D4AD0A /* Build configuration list for PBXNativeTarget "MAD_3115_TeamSundryTests" */;
			buildPhases = (
				999DB8112908869600D4AD0A /* Sources */,
				999DB8122908869600D4AD0A /* Frameworks */,
				999DB8132908869600D4AD0A /* Resources */,
			);
			buildRules = (
			);
			dependencies = (
				999DB8172908869600D4AD0A /* PBXTargetDependency */,
			);
			name = MAD_3115_TeamSundryTests;
			productName = MAD_3115_TeamSundryTests;
			productReference = 999DB8152908869600D4AD0A /* MAD_3115_TeamSundryTests.xctest */;
			productType = "com.apple.product-type.bundle.unit-test";
		};
		999DB81E2908869600D4AD0A /* MAD_3115_TeamSundryUITests */ = {
			isa = PBXNativeTarget;
			buildConfigurationList = 999DB82F2908869600D4AD0A /* Build configuration list for PBXNativeTarget "MAD_3115_TeamSundryUITests" */;
			buildPhases = (
				999DB81B2908869600D4AD0A /* Sources */,
				999DB81C2908869600D4AD0A /* Frameworks */,
				999DB81D2908869600D4AD0A /* Resources */,
			);
			buildRules = (
			);
			dependencies = (
				999DB8212908869600D4AD0A /* PBXTargetDependency */,
			);
			name = MAD_3115_TeamSundryUITests;
			productName = MAD_3115_TeamSundryUITests;
			productReference = 999DB81F2908869600D4AD0A /* MAD_3115_TeamSundryUITests.xctest */;
			productType = "com.apple.product-type.bundle.ui-testing";
		};
/* End PBXNativeTarget section */

/* Begin PBXProject section */
		999DB7F72908869400D4AD0A /* Project object */ = {
			isa = PBXProject;
			attributes = {
				BuildIndependentTargetsInParallel = 1;
				LastSwiftUpdateCheck = 1400;
				LastUpgradeCheck = 1400;
				TargetAttributes = {
					999DB7FE2908869400D4AD0A = {
						CreatedOnToolsVersion = 14.0.1;
					};
					999DB8142908869600D4AD0A = {
						CreatedOnToolsVersion = 14.0.1;
						TestTargetID = 999DB7FE2908869400D4AD0A;
					};
					999DB81E2908869600D4AD0A = {
						CreatedOnToolsVersion = 14.0.1;
						TestTargetID = 999DB7FE2908869400D4AD0A;
					};
				};
			};
			buildConfigurationList = 999DB7FA2908869400D4AD0A /* Build configuration list for PBXProject "MAD_3115_TeamSundry" */;
			compatibilityVersion = "Xcode 14.0";
			developmentRegion = en;
			hasScannedForEncodings = 0;
			knownRegions = (
				en,
				Base,
			);
			mainGroup = 999DB7F62908869400D4AD0A;
			productRefGroup = 999DB8002908869400D4AD0A /* Products */;
			projectDirPath = "";
			projectRoot = "";
			targets = (
				999DB7FE2908869400D4AD0A /* MAD_3115_TeamSundry */,
				999DB8142908869600D4AD0A /* MAD_3115_TeamSundryTests */,
				999DB81E2908869600D4AD0A /* MAD_3115_TeamSundryUITests */,
			);
		};
/* End PBXProject section */

/* Begin PBXResourcesBuildPhase section */
		999DB7FD2908869400D4AD0A /* Resources */ = {
			isa = PBXResourcesBuildPhase;
			buildActionMask = 2147483647;
			files = (
				999DB80F2908869600D4AD0A /* LaunchScreen.storyboard in Resources */,
				999DB83C2908884800D4AD0A /* Test Files in Resources */,
				999DB8372908879A00D4AD0A /* Images.xcassets in Resources */,
				990E10AD290C822000B9238F /* EmployeeDetails.storyboard in Resources */,
				999DB80C2908869600D4AD0A /* Assets.xcassets in Resources */,
				999DB80A2908869400D4AD0A /* EmployeeList.storyboard in Resources */,
				990E10AF290C823B00B9238F /* RegisterForm.storyboard in Resources */,
			);
			runOnlyForDeploymentPostprocessing = 0;
		};
		999DB8132908869600D4AD0A /* Resources */ = {
			isa = PBXResourcesBuildPhase;
			buildActionMask = 2147483647;
			files = (
			);
			runOnlyForDeploymentPostprocessing = 0;
		};
		999DB81D2908869600D4AD0A /* Resources */ = {
			isa = PBXResourcesBuildPhase;
			buildActionMask = 2147483647;
			files = (
			);
			runOnlyForDeploymentPostprocessing = 0;
		};
/* End PBXResourcesBuildPhase section */

/* Begin PBXSourcesBuildPhase section */
		999DB7FB2908869400D4AD0A /* Sources */ = {
			isa = PBXSourcesBuildPhase;
			buildActionMask = 2147483647;
			files = (
				2C0F738E2918330F003E0195 /* Vehicle.swift in Sources */,
				2C0F739129183374003E0195 /* Motorcycle.swift in Sources */,
				999DB8072908869400D4AD0A /* EmployeeListViewController.swift in Sources */,
				2C0F7384291831AD003E0195 /* Employee.swift in Sources */,
				2C0F737E29183188003E0195 /* Programmer.swift in Sources */,
				2C0F738F2918331D003E0195 /* Contract.swift in Sources */,
				2C0F739329183374003E0195 /* Permanent.swift in Sources */,
				999DB8032908869400D4AD0A /* AppDelegate.swift in Sources */,
				990E10B3290C82A700B9238F /* RegisterFormViewController.swift in Sources */,
				BD30CAA8291580FE002E576A /* EmployeeListTableViewCell.swift in Sources */,
				999DB8052908869400D4AD0A /* SceneDelegate.swift in Sources */,
				BD7F7AD52917FDFD00F58ECE /* EmplyeeStruct.swift in Sources */,
				2C0F737C29183184003E0195 /* Manager.swift in Sources */,
				2C0F73802918318D003E0195 /* Tester.swift in Sources */,
				2C0F739229183374003E0195 /* Temporary.swift in Sources */,
				2C0F739029183374003E0195 /* Car.swift in Sources */,
				990E10B1290C829400B9238F /* EmployeeDetailsViewController.swift in Sources */,
			);
			runOnlyForDeploymentPostprocessing = 0;
		};
		999DB8112908869600D4AD0A /* Sources */ = {
			isa = PBXSourcesBuildPhase;
			buildActionMask = 2147483647;
			files = (
				999DB81A2908869600D4AD0A /* MAD_3115_TeamSundryTests.swift in Sources */,
			);
			runOnlyForDeploymentPostprocessing = 0;
		};
		999DB81B2908869600D4AD0A /* Sources */ = {
			isa = PBXSourcesBuildPhase;
			buildActionMask = 2147483647;
			files = (
				999DB8242908869600D4AD0A /* MAD_3115_TeamSundryUITests.swift in Sources */,
				999DB8262908869600D4AD0A /* MAD_3115_TeamSundryUITestsLaunchTests.swift in Sources */,
			);
			runOnlyForDeploymentPostprocessing = 0;
		};
/* End PBXSourcesBuildPhase section */

/* Begin PBXTargetDependency section */
		999DB8172908869600D4AD0A /* PBXTargetDependency */ = {
			isa = PBXTargetDependency;
			target = 999DB7FE2908869400D4AD0A /* MAD_3115_TeamSundry */;
			targetProxy = 999DB8162908869600D4AD0A /* PBXContainerItemProxy */;
		};
		999DB8212908869600D4AD0A /* PBXTargetDependency */ = {
			isa = PBXTargetDependency;
			target = 999DB7FE2908869400D4AD0A /* MAD_3115_TeamSundry */;
			targetProxy = 999DB8202908869600D4AD0A /* PBXContainerItemProxy */;
		};
/* End PBXTargetDependency section */

/* Begin PBXVariantGroup section */
		999DB8082908869400D4AD0A /* EmployeeList.storyboard */ = {
			isa = PBXVariantGroup;
			children = (
				999DB8092908869400D4AD0A /* Base */,
			);
			name = EmployeeList.storyboard;
			sourceTree = "<group>";
		};
		999DB80D2908869600D4AD0A /* LaunchScreen.storyboard */ = {
			isa = PBXVariantGroup;
			children = (
				999DB80E2908869600D4AD0A /* Base */,
			);
			name = LaunchScreen.storyboard;
			sourceTree = "<group>";
		};
/* End PBXVariantGroup section */

/* Begin XCBuildConfiguration section */
		999DB8272908869600D4AD0A /* Debug */ = {
			isa = XCBuildConfiguration;
			buildSettings = {
				ALWAYS_SEARCH_USER_PATHS = NO;
				CLANG_ANALYZER_NONNULL = YES;
				CLANG_ANALYZER_NUMBER_OBJECT_CONVERSION = YES_AGGRESSIVE;
				CLANG_CXX_LANGUAGE_STANDARD = "gnu++20";
				CLANG_ENABLE_MODULES = YES;
				CLANG_ENABLE_OBJC_ARC = YES;
				CLANG_ENABLE_OBJC_WEAK = YES;
				CLANG_WARN_BLOCK_CAPTURE_AUTORELEASING = YES;
				CLANG_WARN_BOOL_CONVERSION = YES;
				CLANG_WARN_COMMA = YES;
				CLANG_WARN_CONSTANT_CONVERSION = YES;
				CLANG_WARN_DEPRECATED_OBJC_IMPLEMENTATIONS = YES;
				CLANG_WARN_DIRECT_OBJC_ISA_USAGE = YES_ERROR;
				CLANG_WARN_DOCUMENTATION_COMMENTS = YES;
				CLANG_WARN_EMPTY_BODY = YES;
				CLANG_WARN_ENUM_CONVERSION = YES;
				CLANG_WARN_INFINITE_RECURSION = YES;
				CLANG_WARN_INT_CONVERSION = YES;
				CLANG_WARN_NON_LITERAL_NULL_CONVERSION = YES;
				CLANG_WARN_OBJC_IMPLICIT_RETAIN_SELF = YES;
				CLANG_WARN_OBJC_LITERAL_CONVERSION = YES;
				CLANG_WARN_OBJC_ROOT_CLASS = YES_ERROR;
				CLANG_WARN_QUOTED_INCLUDE_IN_FRAMEWORK_HEADER = YES;
				CLANG_WARN_RANGE_LOOP_ANALYSIS = YES;
				CLANG_WARN_STRICT_PROTOTYPES = YES;
				CLANG_WARN_SUSPICIOUS_MOVE = YES;
				CLANG_WARN_UNGUARDED_AVAILABILITY = YES_AGGRESSIVE;
				CLANG_WARN_UNREACHABLE_CODE = YES;
				CLANG_WARN__DUPLICATE_METHOD_MATCH = YES;
				COPY_PHASE_STRIP = NO;
				DEBUG_INFORMATION_FORMAT = dwarf;
				ENABLE_STRICT_OBJC_MSGSEND = YES;
				ENABLE_TESTABILITY = YES;
				GCC_C_LANGUAGE_STANDARD = gnu11;
				GCC_DYNAMIC_NO_PIC = NO;
				GCC_NO_COMMON_BLOCKS = YES;
				GCC_OPTIMIZATION_LEVEL = 0;
				GCC_PREPROCESSOR_DEFINITIONS = (
					"DEBUG=1",
					"$(inherited)",
				);
				GCC_WARN_64_TO_32_BIT_CONVERSION = YES;
				GCC_WARN_ABOUT_RETURN_TYPE = YES_ERROR;
				GCC_WARN_UNDECLARED_SELECTOR = YES;
				GCC_WARN_UNINITIALIZED_AUTOS = YES_AGGRESSIVE;
				GCC_WARN_UNUSED_FUNCTION = YES;
				GCC_WARN_UNUSED_VARIABLE = YES;
				IPHONEOS_DEPLOYMENT_TARGET = 16.0;
				MTL_ENABLE_DEBUG_INFO = INCLUDE_SOURCE;
				MTL_FAST_MATH = YES;
				ONLY_ACTIVE_ARCH = YES;
				SDKROOT = iphoneos;
				SWIFT_ACTIVE_COMPILATION_CONDITIONS = DEBUG;
				SWIFT_OPTIMIZATION_LEVEL = "-Onone";
			};
			name = Debug;
		};
		999DB8282908869600D4AD0A /* Release */ = {
			isa = XCBuildConfiguration;
			buildSettings = {
				ALWAYS_SEARCH_USER_PATHS = NO;
				CLANG_ANALYZER_NONNULL = YES;
				CLANG_ANALYZER_NUMBER_OBJECT_CONVERSION = YES_AGGRESSIVE;
				CLANG_CXX_LANGUAGE_STANDARD = "gnu++20";
				CLANG_ENABLE_MODULES = YES;
				CLANG_ENABLE_OBJC_ARC = YES;
				CLANG_ENABLE_OBJC_WEAK = YES;
				CLANG_WARN_BLOCK_CAPTURE_AUTORELEASING = YES;
				CLANG_WARN_BOOL_CONVERSION = YES;
				CLANG_WARN_COMMA = YES;
				CLANG_WARN_CONSTANT_CONVERSION = YES;
				CLANG_WARN_DEPRECATED_OBJC_IMPLEMENTATIONS = YES;
				CLANG_WARN_DIRECT_OBJC_ISA_USAGE = YES_ERROR;
				CLANG_WARN_DOCUMENTATION_COMMENTS = YES;
				CLANG_WARN_EMPTY_BODY = YES;
				CLANG_WARN_ENUM_CONVERSION = YES;
				CLANG_WARN_INFINITE_RECURSION = YES;
				CLANG_WARN_INT_CONVERSION = YES;
				CLANG_WARN_NON_LITERAL_NULL_CONVERSION = YES;
				CLANG_WARN_OBJC_IMPLICIT_RETAIN_SELF = YES;
				CLANG_WARN_OBJC_LITERAL_CONVERSION = YES;
				CLANG_WARN_OBJC_ROOT_CLASS = YES_ERROR;
				CLANG_WARN_QUOTED_INCLUDE_IN_FRAMEWORK_HEADER = YES;
				CLANG_WARN_RANGE_LOOP_ANALYSIS = YES;
				CLANG_WARN_STRICT_PROTOTYPES = YES;
				CLANG_WARN_SUSPICIOUS_MOVE = YES;
				CLANG_WARN_UNGUARDED_AVAILABILITY = YES_AGGRESSIVE;
				CLANG_WARN_UNREACHABLE_CODE = YES;
				CLANG_WARN__DUPLICATE_METHOD_MATCH = YES;
				COPY_PHASE_STRIP = NO;
				DEBUG_INFORMATION_FORMAT = "dwarf-with-dsym";
				ENABLE_NS_ASSERTIONS = NO;
				ENABLE_STRICT_OBJC_MSGSEND = YES;
				GCC_C_LANGUAGE_STANDARD = gnu11;
				GCC_NO_COMMON_BLOCKS = YES;
				GCC_WARN_64_TO_32_BIT_CONVERSION = YES;
				GCC_WARN_ABOUT_RETURN_TYPE = YES_ERROR;
				GCC_WARN_UNDECLARED_SELECTOR = YES;
				GCC_WARN_UNINITIALIZED_AUTOS = YES_AGGRESSIVE;
				GCC_WARN_UNUSED_FUNCTION = YES;
				GCC_WARN_UNUSED_VARIABLE = YES;
				IPHONEOS_DEPLOYMENT_TARGET = 16.0;
				MTL_ENABLE_DEBUG_INFO = NO;
				MTL_FAST_MATH = YES;
				SDKROOT = iphoneos;
				SWIFT_COMPILATION_MODE = wholemodule;
				SWIFT_OPTIMIZATION_LEVEL = "-O";
				VALIDATE_PRODUCT = YES;
			};
			name = Release;
		};
		999DB82A2908869600D4AD0A /* Debug */ = {
			isa = XCBuildConfiguration;
			buildSettings = {
				ASSETCATALOG_COMPILER_APPICON_NAME = AppIcon;
				ASSETCATALOG_COMPILER_GLOBAL_ACCENT_COLOR_NAME = AccentColor;
				CODE_SIGN_STYLE = Automatic;
				CURRENT_PROJECT_VERSION = 1;
				GENERATE_INFOPLIST_FILE = YES;
				INFOPLIST_FILE = MAD_3115_TeamSundry/Info.plist;
				INFOPLIST_KEY_UIApplicationSupportsIndirectInputEvents = YES;
				INFOPLIST_KEY_UILaunchStoryboardName = LaunchScreen;
				INFOPLIST_KEY_UIMainStoryboardFile = EmployeeList;
				INFOPLIST_KEY_UISupportedInterfaceOrientations_iPad = "UIInterfaceOrientationPortrait UIInterfaceOrientationPortraitUpsideDown UIInterfaceOrientationLandscapeLeft UIInterfaceOrientationLandscapeRight";
				INFOPLIST_KEY_UISupportedInterfaceOrientations_iPhone = "UIInterfaceOrientationPortrait UIInterfaceOrientationLandscapeLeft UIInterfaceOrientationLandscapeRight";
				LD_RUNPATH_SEARCH_PATHS = (
					"$(inherited)",
					"@executable_path/Frameworks",
				);
				MARKETING_VERSION = 1.0;
				PRODUCT_BUNDLE_IDENTIFIER = "TeamSundry.MAD-3115-TeamSundry";
				PRODUCT_NAME = "$(TARGET_NAME)";
				SWIFT_EMIT_LOC_STRINGS = YES;
				SWIFT_VERSION = 5.0;
				TARGETED_DEVICE_FAMILY = "1,2";
			};
			name = Debug;
		};
		999DB82B2908869600D4AD0A /* Release */ = {
			isa = XCBuildConfiguration;
			buildSettings = {
				ASSETCATALOG_COMPILER_APPICON_NAME = AppIcon;
				ASSETCATALOG_COMPILER_GLOBAL_ACCENT_COLOR_NAME = AccentColor;
				CODE_SIGN_STYLE = Automatic;
				CURRENT_PROJECT_VERSION = 1;
				GENERATE_INFOPLIST_FILE = YES;
				INFOPLIST_FILE = MAD_3115_TeamSundry/Info.plist;
				INFOPLIST_KEY_UIApplicationSupportsIndirectInputEvents = YES;
				INFOPLIST_KEY_UILaunchStoryboardName = LaunchScreen;
				INFOPLIST_KEY_UIMainStoryboardFile = EmployeeList;
				INFOPLIST_KEY_UISupportedInterfaceOrientations_iPad = "UIInterfaceOrientationPortrait UIInterfaceOrientationPortraitUpsideDown UIInterfaceOrientationLandscapeLeft UIInterfaceOrientationLandscapeRight";
				INFOPLIST_KEY_UISupportedInterfaceOrientations_iPhone = "UIInterfaceOrientationPortrait UIInterfaceOrientationLandscapeLeft UIInterfaceOrientationLandscapeRight";
				LD_RUNPATH_SEARCH_PATHS = (
					"$(inherited)",
					"@executable_path/Frameworks",
				);
				MARKETING_VERSION = 1.0;
				PRODUCT_BUNDLE_IDENTIFIER = "TeamSundry.MAD-3115-TeamSundry";
				PRODUCT_NAME = "$(TARGET_NAME)";
				SWIFT_EMIT_LOC_STRINGS = YES;
				SWIFT_VERSION = 5.0;
				TARGETED_DEVICE_FAMILY = "1,2";
			};
			name = Release;
		};
		999DB82D2908869600D4AD0A /* Debug */ = {
			isa = XCBuildConfiguration;
			buildSettings = {
				ALWAYS_EMBED_SWIFT_STANDARD_LIBRARIES = YES;
				BUNDLE_LOADER = "$(TEST_HOST)";
				CODE_SIGN_STYLE = Automatic;
				CURRENT_PROJECT_VERSION = 1;
				GENERATE_INFOPLIST_FILE = YES;
				IPHONEOS_DEPLOYMENT_TARGET = 16.0;
				MARKETING_VERSION = 1.0;
				PRODUCT_BUNDLE_IDENTIFIER = "TeamSundry.MAD-3115-TeamSundryTests";
				PRODUCT_NAME = "$(TARGET_NAME)";
				SWIFT_EMIT_LOC_STRINGS = NO;
				SWIFT_VERSION = 5.0;
				TARGETED_DEVICE_FAMILY = "1,2";
				TEST_HOST = "$(BUILT_PRODUCTS_DIR)/MAD_3115_TeamSundry.app/$(BUNDLE_EXECUTABLE_FOLDER_PATH)/MAD_3115_TeamSundry";
			};
			name = Debug;
		};
		999DB82E2908869600D4AD0A /* Release */ = {
			isa = XCBuildConfiguration;
			buildSettings = {
				ALWAYS_EMBED_SWIFT_STANDARD_LIBRARIES = YES;
				BUNDLE_LOADER = "$(TEST_HOST)";
				CODE_SIGN_STYLE = Automatic;
				CURRENT_PROJECT_VERSION = 1;
				GENERATE_INFOPLIST_FILE = YES;
				IPHONEOS_DEPLOYMENT_TARGET = 16.0;
				MARKETING_VERSION = 1.0;
				PRODUCT_BUNDLE_IDENTIFIER = "TeamSundry.MAD-3115-TeamSundryTests";
				PRODUCT_NAME = "$(TARGET_NAME)";
				SWIFT_EMIT_LOC_STRINGS = NO;
				SWIFT_VERSION = 5.0;
				TARGETED_DEVICE_FAMILY = "1,2";
				TEST_HOST = "$(BUILT_PRODUCTS_DIR)/MAD_3115_TeamSundry.app/$(BUNDLE_EXECUTABLE_FOLDER_PATH)/MAD_3115_TeamSundry";
			};
			name = Release;
		};
		999DB8302908869600D4AD0A /* Debug */ = {
			isa = XCBuildConfiguration;
			buildSettings = {
				ALWAYS_EMBED_SWIFT_STANDARD_LIBRARIES = YES;
				CODE_SIGN_STYLE = Automatic;
				CURRENT_PROJECT_VERSION = 1;
				GENERATE_INFOPLIST_FILE = YES;
				MARKETING_VERSION = 1.0;
				PRODUCT_BUNDLE_IDENTIFIER = "TeamSundry.MAD-3115-TeamSundryUITests";
				PRODUCT_NAME = "$(TARGET_NAME)";
				SWIFT_EMIT_LOC_STRINGS = NO;
				SWIFT_VERSION = 5.0;
				TARGETED_DEVICE_FAMILY = "1,2";
				TEST_TARGET_NAME = MAD_3115_TeamSundry;
			};
			name = Debug;
		};
		999DB8312908869600D4AD0A /* Release */ = {
			isa = XCBuildConfiguration;
			buildSettings = {
				ALWAYS_EMBED_SWIFT_STANDARD_LIBRARIES = YES;
				CODE_SIGN_STYLE = Automatic;
				CURRENT_PROJECT_VERSION = 1;
				GENERATE_INFOPLIST_FILE = YES;
				MARKETING_VERSION = 1.0;
				PRODUCT_BUNDLE_IDENTIFIER = "TeamSundry.MAD-3115-TeamSundryUITests";
				PRODUCT_NAME = "$(TARGET_NAME)";
				SWIFT_EMIT_LOC_STRINGS = NO;
				SWIFT_VERSION = 5.0;
				TARGETED_DEVICE_FAMILY = "1,2";
				TEST_TARGET_NAME = MAD_3115_TeamSundry;
			};
			name = Release;
		};
/* End XCBuildConfiguration section */

/* Begin XCConfigurationList section */
		999DB7FA2908869400D4AD0A /* Build configuration list for PBXProject "MAD_3115_TeamSundry" */ = {
			isa = XCConfigurationList;
			buildConfigurations = (
				999DB8272908869600D4AD0A /* Debug */,
				999DB8282908869600D4AD0A /* Release */,
			);
			defaultConfigurationIsVisible = 0;
			defaultConfigurationName = Release;
		};
		999DB8292908869600D4AD0A /* Build configuration list for PBXNativeTarget "MAD_3115_TeamSundry" */ = {
			isa = XCConfigurationList;
			buildConfigurations = (
				999DB82A2908869600D4AD0A /* Debug */,
				999DB82B2908869600D4AD0A /* Release */,
			);
			defaultConfigurationIsVisible = 0;
			defaultConfigurationName = Release;
		};
		999DB82C2908869600D4AD0A /* Build configuration list for PBXNativeTarget "MAD_3115_TeamSundryTests" */ = {
			isa = XCConfigurationList;
			buildConfigurations = (
				999DB82D2908869600D4AD0A /* Debug */,
				999DB82E2908869600D4AD0A /* Release */,
			);
			defaultConfigurationIsVisible = 0;
			defaultConfigurationName = Release;
		};
		999DB82F2908869600D4AD0A /* Build configuration list for PBXNativeTarget "MAD_3115_TeamSundryUITests" */ = {
			isa = XCConfigurationList;
			buildConfigurations = (
				999DB8302908869600D4AD0A /* Debug */,
				999DB8312908869600D4AD0A /* Release */,
			);
			defaultConfigurationIsVisible = 0;
			defaultConfigurationName = Release;
		};
/* End XCConfigurationList section */
	};
	rootObject = 999DB7F72908869400D4AD0A /* Project object */;
}
